// !$*UTF8*$!
{
	archiveVersion = 1;
	classes = {
	};
	objectVersion = 50;
	objects = {

/* Begin PBXBuildFile section */
		9C6539F123937577007E7217 /* DCSystemAlterSheet.m in Sources */ = {isa = PBXBuildFile; fileRef = 9C6539F023937577007E7217 /* DCSystemAlterSheet.m */; };
		9C8DE9262392690300468AD7 /* AppDelegate.m in Sources */ = {isa = PBXBuildFile; fileRef = 9C8DE9252392690300468AD7 /* AppDelegate.m */; };
		9C8DE9292392690300468AD7 /* SceneDelegate.m in Sources */ = {isa = PBXBuildFile; fileRef = 9C8DE9282392690300468AD7 /* SceneDelegate.m */; };
		9C8DE92C2392690300468AD7 /* ViewController.m in Sources */ = {isa = PBXBuildFile; fileRef = 9C8DE92B2392690300468AD7 /* ViewController.m */; };
		9C8DE92F2392690300468AD7 /* Main.storyboard in Resources */ = {isa = PBXBuildFile; fileRef = 9C8DE92D2392690300468AD7 /* Main.storyboard */; };
		9C8DE9312392690400468AD7 /* Assets.xcassets in Resources */ = {isa = PBXBuildFile; fileRef = 9C8DE9302392690400468AD7 /* Assets.xcassets */; };
		9C8DE9342392690400468AD7 /* LaunchScreen.storyboard in Resources */ = {isa = PBXBuildFile; fileRef = 9C8DE9322392690400468AD7 /* LaunchScreen.storyboard */; };
		9C8DE9372392690400468AD7 /* main.m in Sources */ = {isa = PBXBuildFile; fileRef = 9C8DE9362392690400468AD7 /* main.m */; };
		9C8DE9442392AF9100468AD7 /* DCPurchaseHelp.m in Sources */ = {isa = PBXBuildFile; fileRef = 9C8DE9432392AF9100468AD7 /* DCPurchaseHelp.m */; };
/* End PBXBuildFile section */

/* Begin PBXFileReference section */
		9C6539EF23937577007E7217 /* DCSystemAlterSheet.h */ = {isa = PBXFileReference; fileEncoding = 4; lastKnownFileType = sourcecode.c.h; path = DCSystemAlterSheet.h; sourceTree = "<group>"; };
		9C6539F023937577007E7217 /* DCSystemAlterSheet.m */ = {isa = PBXFileReference; fileEncoding = 4; lastKnownFileType = sourcecode.c.objc; path = DCSystemAlterSheet.m; sourceTree = "<group>"; };
		9C8DE9212392690300468AD7 /* CDDPurchasing.app */ = {isa = PBXFileReference; explicitFileType = wrapper.application; includeInIndex = 0; path = CDDPurchasing.app; sourceTree = BUILT_PRODUCTS_DIR; };
		9C8DE9242392690300468AD7 /* AppDelegate.h */ = {isa = PBXFileReference; lastKnownFileType = sourcecode.c.h; path = AppDelegate.h; sourceTree = "<group>"; };
		9C8DE9252392690300468AD7 /* AppDelegate.m */ = {isa = PBXFileReference; lastKnownFileType = sourcecode.c.objc; path = AppDelegate.m; sourceTree = "<group>"; };
		9C8DE9272392690300468AD7 /* SceneDelegate.h */ = {isa = PBXFileReference; lastKnownFileType = sourcecode.c.h; path = SceneDelegate.h; sourceTree = "<group>"; };
		9C8DE9282392690300468AD7 /* SceneDelegate.m */ = {isa = PBXFileReference; lastKnownFileType = sourcecode.c.objc; path = SceneDelegate.m; sourceTree = "<group>"; };
		9C8DE92A2392690300468AD7 /* ViewController.h */ = {isa = PBXFileReference; lastKnownFileType = sourcecode.c.h; path = ViewController.h; sourceTree = "<group>"; };
		9C8DE92B2392690300468AD7 /* ViewController.m */ = {isa = PBXFileReference; lastKnownFileType = sourcecode.c.objc; path = ViewController.m; sourceTree = "<group>"; };
		9C8DE92E2392690300468AD7 /* Base */ = {isa = PBXFileReference; lastKnownFileType = file.storyboard; name = Base; path = Base.lproj/Main.storyboard; sourceTree = "<group>"; };
		9C8DE9302392690400468AD7 /* Assets.xcassets */ = {isa = PBXFileReference; lastKnownFileType = folder.assetcatalog; path = Assets.xcassets; sourceTree = "<group>"; };
		9C8DE9332392690400468AD7 /* Base */ = {isa = PBXFileReference; lastKnownFileType = file.storyboard; name = Base; path = Base.lproj/LaunchScreen.storyboard; sourceTree = "<group>"; };
		9C8DE9352392690400468AD7 /* Info.plist */ = {isa = PBXFileReference; lastKnownFileType = text.plist.xml; path = Info.plist; sourceTree = "<group>"; };
		9C8DE9362392690400468AD7 /* main.m */ = {isa = PBXFileReference; lastKnownFileType = sourcecode.c.objc; path = main.m; sourceTree = "<group>"; };
		9C8DE9422392AF9100468AD7 /* DCPurchaseHelp.h */ = {isa = PBXFileReference; lastKnownFileType = sourcecode.c.h; path = DCPurchaseHelp.h; sourceTree = "<group>"; };
		9C8DE9432392AF9100468AD7 /* DCPurchaseHelp.m */ = {isa = PBXFileReference; lastKnownFileType = sourcecode.c.objc; path = DCPurchaseHelp.m; sourceTree = "<group>"; };
/* End PBXFileReference section */

/* Begin PBXFrameworksBuildPhase section */
		9C8DE91E2392690300468AD7 /* Frameworks */ = {
			isa = PBXFrameworksBuildPhase;
			buildActionMask = 2147483647;
			files = (
			);
			runOnlyForDeploymentPostprocessing = 0;
		};
/* End PBXFrameworksBuildPhase section */

/* Begin PBXGroup section */
		9C8DE9182392690300468AD7 = {
			isa = PBXGroup;
			children = (
				9C8DE9232392690300468AD7 /* CDDPurchasing */,
				9C8DE9222392690300468AD7 /* Products */,
			);
			sourceTree = "<group>";
		};
		9C8DE9222392690300468AD7 /* Products */ = {
			isa = PBXGroup;
			children = (
				9C8DE9212392690300468AD7 /* CDDPurchasing.app */,
			);
			name = Products;
			sourceTree = "<group>";
		};
		9C8DE9232392690300468AD7 /* CDDPurchasing */ = {
			isa = PBXGroup;
			children = (
				9C8DE9412392AF0400468AD7 /* CDDPurchasing */,
				9C8DE9242392690300468AD7 /* AppDelegate.h */,
				9C8DE9252392690300468AD7 /* AppDelegate.m */,
				9C8DE9272392690300468AD7 /* SceneDelegate.h */,
				9C8DE9282392690300468AD7 /* SceneDelegate.m */,
				9C8DE92A2392690300468AD7 /* ViewController.h */,
				9C8DE92B2392690300468AD7 /* ViewController.m */,
				9C6539EF23937577007E7217 /* DCSystemAlterSheet.h */,
				9C6539F023937577007E7217 /* DCSystemAlterSheet.m */,
				9C8DE92D2392690300468AD7 /* Main.storyboard */,
				9C8DE9302392690400468AD7 /* Assets.xcassets */,
				9C8DE9322392690400468AD7 /* LaunchScreen.storyboard */,
				9C8DE9352392690400468AD7 /* Info.plist */,
				9C8DE9362392690400468AD7 /* main.m */,
			);
			path = CDDPurchasing;
			sourceTree = "<group>";
		};
		9C8DE9412392AF0400468AD7 /* CDDPurchasing */ = {
			isa = PBXGroup;
			children = (
				9C8DE9422392AF9100468AD7 /* DCPurchaseHelp.h */,
				9C8DE9432392AF9100468AD7 /* DCPurchaseHelp.m */,
			);
			path = CDDPurchasing;
			sourceTree = "<group>";
		};
/* End PBXGroup section */

/* Begin PBXNativeTarget section */
		9C8DE9202392690300468AD7 /* CDDPurchasing */ = {
			isa = PBXNativeTarget;
			buildConfigurationList = 9C8DE93A2392690400468AD7 /* Build configuration list for PBXNativeTarget "CDDPurchasing" */;
			buildPhases = (
				9C8DE91D2392690300468AD7 /* Sources */,
				9C8DE91E2392690300468AD7 /* Frameworks */,
				9C8DE91F2392690300468AD7 /* Resources */,
			);
			buildRules = (
			);
			dependencies = (
			);
			name = CDDPurchasing;
			productName = CDDPurchasing;
			productReference = 9C8DE9212392690300468AD7 /* CDDPurchasing.app */;
			productType = "com.apple.product-type.application";
		};
/* End PBXNativeTarget section */

/* Begin PBXProject section */
		9C8DE9192392690300468AD7 /* Project object */ = {
			isa = PBXProject;
			attributes = {
				CLASSPREFIX = DC;
				LastUpgradeCheck = 1110;
				ORGANIZATIONNAME = RocketsChen;
				TargetAttributes = {
					9C8DE9202392690300468AD7 = {
						CreatedOnToolsVersion = 11.1;
					};
				};
			};
			buildConfigurationList = 9C8DE91C2392690300468AD7 /* Build configuration list for PBXProject "CDDPurchasing" */;
			compatibilityVersion = "Xcode 9.3";
			developmentRegion = en;
			hasScannedForEncodings = 0;
			knownRegions = (
				en,
				Base,
			);
			mainGroup = 9C8DE9182392690300468AD7;
			productRefGroup = 9C8DE9222392690300468AD7 /* Products */;
			projectDirPath = "";
			projectRoot = "";
			targets = (
				9C8DE9202392690300468AD7 /* CDDPurchasing */,
			);
		};
/* End PBXProject section */

/* Begin PBXResourcesBuildPhase section */
		9C8DE91F2392690300468AD7 /* Resources */ = {
			isa = PBXResourcesBuildPhase;
			buildActionMask = 2147483647;
			files = (
				9C8DE9342392690400468AD7 /* LaunchScreen.storyboard in Resources */,
				9C8DE9312392690400468AD7 /* Assets.xcassets in Resources */,
				9C8DE92F2392690300468AD7 /* Main.storyboard in Resources */,
			);
			runOnlyForDeploymentPostprocessing = 0;
		};
/* End PBXResourcesBuildPhase section */

/* Begin PBXSourcesBuildPhase section */
		9C8DE91D2392690300468AD7 /* Sources */ = {
			isa = PBXSourcesBuildPhase;
			buildActionMask = 2147483647;
			files = (
				9C6539F123937577007E7217 /* DCSystemAlterSheet.m in Sources */,
				9C8DE92C2392690300468AD7 /* ViewController.m in Sources */,
				9C8DE9442392AF9100468AD7 /* DCPurchaseHelp.m in Sources */,
				9C8DE9262392690300468AD7 /* AppDelegate.m in Sources */,
				9C8DE9372392690400468AD7 /* main.m in Sources */,
				9C8DE9292392690300468AD7 /* SceneDelegate.m in Sources */,
			);
			runOnlyForDeploymentPostprocessing = 0;
		};
/* End PBXSourcesBuildPhase section */

/* Begin PBXVariantGroup section */
		9C8DE92D2392690300468AD7 /* Main.storyboard */ = {
			isa = PBXVariantGroup;
			children = (
				9C8DE92E2392690300468AD7 /* Base */,
			);
			name = Main.storyboard;
			sourceTree = "<group>";
		};
		9C8DE9322392690400468AD7 /* LaunchScreen.storyboard */ = {
			isa = PBXVariantGroup;
			children = (
				9C8DE9332392690400468AD7 /* Base */,
			);
			name = LaunchScreen.storyboard;
			sourceTree = "<group>";
		};
/* End PBXVariantGroup section */

/* Begin XCBuildConfiguration section */
		9C8DE9382392690400468AD7 /* Debug */ = {
			isa = XCBuildConfiguration;
			buildSettings = {
				ALWAYS_SEARCH_USER_PATHS = NO;
				CLANG_ANALYZER_NONNULL = YES;
				CLANG_ANALYZER_NUMBER_OBJECT_CONVERSION = YES_AGGRESSIVE;
				CLANG_CXX_LANGUAGE_STANDARD = "gnu++14";
				CLANG_CXX_LIBRARY = "libc++";
				CLANG_ENABLE_MODULES = YES;
				CLANG_ENABLE_OBJC_ARC = YES;
				CLANG_ENABLE_OBJC_WEAK = YES;
				CLANG_WARN_BLOCK_CAPTURE_AUTORELEASING = YES;
				CLANG_WARN_BOOL_CONVERSION = YES;
				CLANG_WARN_COMMA = YES;
				CLANG_WARN_CONSTANT_CONVERSION = YES;
				CLANG_WARN_DEPRECATED_OBJC_IMPLEMENTATIONS = YES;
				CLANG_WARN_DIRECT_OBJC_ISA_USAGE = YES_ERROR;
				CLANG_WARN_DOCUMENTATION_COMMENTS = YES;
				CLANG_WARN_EMPTY_BODY = YES;
				CLANG_WARN_ENUM_CONVERSION = YES;
				CLANG_WARN_INFINITE_RECURSION = YES;
				CLANG_WARN_INT_CONVERSION = YES;
				CLANG_WARN_NON_LITERAL_NULL_CONVERSION = YES;
				CLANG_WARN_OBJC_IMPLICIT_RETAIN_SELF = YES;
				CLANG_WARN_OBJC_LITERAL_CONVERSION = YES;
				CLANG_WARN_OBJC_ROOT_CLASS = YES_ERROR;
				CLANG_WARN_RANGE_LOOP_ANALYSIS = YES;
				CLANG_WARN_STRICT_PROTOTYPES = YES;
				CLANG_WARN_SUSPICIOUS_MOVE = YES;
				CLANG_WARN_UNGUARDED_AVAILABILITY = YES_AGGRESSIVE;
				CLANG_WARN_UNREACHABLE_CODE = YES;
				CLANG_WARN__DUPLICATE_METHOD_MATCH = YES;
				COPY_PHASE_STRIP = NO;
				DEBUG_INFORMATION_FORMAT = dwarf;
				ENABLE_STRICT_OBJC_MSGSEND = YES;
				ENABLE_TESTABILITY = YES;
				GCC_C_LANGUAGE_STANDARD = gnu11;
				GCC_DYNAMIC_NO_PIC = NO;
				GCC_NO_COMMON_BLOCKS = YES;
				GCC_OPTIMIZATION_LEVEL = 0;
				GCC_PREPROCESSOR_DEFINITIONS = (
					"DEBUG=1",
					"$(inherited)",
				);
				GCC_WARN_64_TO_32_BIT_CONVERSION = YES;
				GCC_WARN_ABOUT_RETURN_TYPE = YES_ERROR;
				GCC_WARN_UNDECLARED_SELECTOR = YES;
				GCC_WARN_UNINITIALIZED_AUTOS = YES_AGGRESSIVE;
				GCC_WARN_UNUSED_FUNCTION = YES;
				GCC_WARN_UNUSED_VARIABLE = YES;
				IPHONEOS_DEPLOYMENT_TARGET = 13.1;
				MTL_ENABLE_DEBUG_INFO = INCLUDE_SOURCE;
				MTL_FAST_MATH = YES;
				ONLY_ACTIVE_ARCH = YES;
				SDKROOT = iphoneos;
			};
			name = Debug;
		};
		9C8DE9392392690400468AD7 /* Release */ = {
			isa = XCBuildConfiguration;
			buildSettings = {
				ALWAYS_SEARCH_USER_PATHS = NO;
				CLANG_ANALYZER_NONNULL = YES;
				CLANG_ANALYZER_NUMBER_OBJECT_CONVERSION = YES_AGGRESSIVE;
				CLANG_CXX_LANGUAGE_STANDARD = "gnu++14";
				CLANG_CXX_LIBRARY = "libc++";
				CLANG_ENABLE_MODULES = YES;
				CLANG_ENABLE_OBJC_ARC = YES;
				CLANG_ENABLE_OBJC_WEAK = YES;
				CLANG_WARN_BLOCK_CAPTURE_AUTORELEASING = YES;
				CLANG_WARN_BOOL_CONVERSION = YES;
				CLANG_WARN_COMMA = YES;
				CLANG_WARN_CONSTANT_CONVERSION = YES;
				CLANG_WARN_DEPRECATED_OBJC_IMPLEMENTATIONS = YES;
				CLANG_WARN_DIRECT_OBJC_ISA_USAGE = YES_ERROR;
				CLANG_WARN_DOCUMENTATION_COMMENTS = YES;
				CLANG_WARN_EMPTY_BODY = YES;
				CLANG_WARN_ENUM_CONVERSION = YES;
				CLANG_WARN_INFINITE_RECURSION = YES;
				CLANG_WARN_INT_CONVERSION = YES;
				CLANG_WARN_NON_LITERAL_NULL_CONVERSION = YES;
				CLANG_WARN_OBJC_IMPLICIT_RETAIN_SELF = YES;
				CLANG_WARN_OBJC_LITERAL_CONVERSION = YES;
				CLANG_WARN_OBJC_ROOT_CLASS = YES_ERROR;
				CLANG_WARN_RANGE_LOOP_ANALYSIS = YES;
				CLANG_WARN_STRICT_PROTOTYPES = YES;
				CLANG_WARN_SUSPICIOUS_MOVE = YES;
				CLANG_WARN_UNGUARDED_AVAILABILITY = YES_AGGRESSIVE;
				CLANG_WARN_UNREACHABLE_CODE = YES;
				CLANG_WARN__DUPLICATE_METHOD_MATCH = YES;
				COPY_PHASE_STRIP = NO;
				DEBUG_INFORMATION_FORMAT = "dwarf-with-dsym";
				ENABLE_NS_ASSERTIONS = NO;
				ENABLE_STRICT_OBJC_MSGSEND = YES;
				GCC_C_LANGUAGE_STANDARD = gnu11;
				GCC_NO_COMMON_BLOCKS = YES;
				GCC_WARN_64_TO_32_BIT_CONVERSION = YES;
				GCC_WARN_ABOUT_RETURN_TYPE = YES_ERROR;
				GCC_WARN_UNDECLARED_SELECTOR = YES;
				GCC_WARN_UNINITIALIZED_AUTOS = YES_AGGRESSIVE;
				GCC_WARN_UNUSED_FUNCTION = YES;
				GCC_WARN_UNUSED_VARIABLE = YES;
				IPHONEOS_DEPLOYMENT_TARGET = 13.1;
				MTL_ENABLE_DEBUG_INFO = NO;
				MTL_FAST_MATH = YES;
				SDKROOT = iphoneos;
				VALIDATE_PRODUCT = YES;
			};
			name = Release;
		};
		9C8DE93B2392690400468AD7 /* Debug */ = {
			isa = XCBuildConfiguration;
			buildSettings = {
				ASSETCATALOG_COMPILER_APPICON_NAME = AppIcon;
				CODE_SIGN_STYLE = Automatic;
				DEVELOPMENT_TEAM = U3QZXY69QQ;
				INFOPLIST_FILE = CDDPurchasing/Info.plist;
				IPHONEOS_DEPLOYMENT_TARGET = 10.0;
				LD_RUNPATH_SEARCH_PATHS = (
					"$(inherited)",
					"@executable_path/Frameworks",
				);
				PRODUCT_BUNDLE_IDENTIFIER = com.cdd.assistant;
				PRODUCT_NAME = "$(TARGET_NAME)";
				TARGETED_DEVICE_FAMILY = "1,2";
			};
			name = Debug;
		};
		9C8DE93C2392690400468AD7 /* Release */ = {
			isa = XCBuildConfiguration;
			buildSettings = {
				ASSETCATALOG_COMPILER_APPICON_NAME = AppIcon;
				CODE_SIGN_STYLE = Automatic;
				DEVELOPMENT_TEAM = U3QZXY69QQ;
				INFOPLIST_FILE = CDDPurchasing/Info.plist;
				IPHONEOS_DEPLOYMENT_TARGET = 10.0;
				LD_RUNPATH_SEARCH_PATHS = (
					"$(inherited)",
					"@executable_path/Frameworks",
				);
				PRODUCT_BUNDLE_IDENTIFIER = com.cdd.assistant;
				PRODUCT_NAME = "$(TARGET_NAME)";
				TARGETED_DEVICE_FAMILY = "1,2";
			};
			name = Release;
		};
/* End XCBuildConfiguration section */

/* Begin XCConfigurationList section */
		9C8DE91C2392690300468AD7 /* Build configuration list for PBXProject "CDDPurchasing" */ = {
			isa = XCConfigurationList;
			buildConfigurations = (
				9C8DE9382392690400468AD7 /* Debug */,
				9C8DE9392392690400468AD7 /* Release */,
			);
			defaultConfigurationIsVisible = 0;
			defaultConfigurationName = Release;
		};
		9C8DE93A2392690400468AD7 /* Build configuration list for PBXNativeTarget "CDDPurchasing" */ = {
			isa = XCConfigurationList;
			buildConfigurations = (
				9C8DE93B2392690400468AD7 /* Debug */,
				9C8DE93C2392690400468AD7 /* Release */,
			);
			defaultConfigurationIsVisible = 0;
			defaultConfigurationName = Release;
		};
/* End XCConfigurationList section */
	};
	rootObject = 9C8DE9192392690300468AD7 /* Project object */;
}
